{
  "object": {
    "pins": [
      {
        "package": "Pretendard",
        "repositoryURL": "https://github.com/wanteddev/pretendard-ios",
        "state": {
          "branch": null,
          "revision": "d5053acbffff52628576c40138d7719953d9a0b9",
          "version": "0.5.0"
        }
      }
    ]
  },
  "version": 1
}
