// !$*UTF8*$!
{
	archiveVersion = 1;
	classes = {
	};
	objectVersion = 77;
	objects = {

/* Begin PBXBuildFile section */
		4D0952672D7ABCCB00BB6044 /* ControlPreview.swift in Sources */ = {isa = PBXBuildFile; fileRef = 4D0952662D7ABCCB00BB6044 /* ControlPreview.swift */; };
		4D0D251E2DB763FE00608CE5 /* ThumbnailPreview.swift in Sources */ = {isa = PBXBuildFile; fileRef = 4D0D251D2DB763F600608CE5 /* ThumbnailPreview.swift */; };
		4D1031602EC457CD00C865E9 /* FilterButtonPreview.swift in Sources */ = {isa = PBXBuildFile; fileRef = 4D10315F2EC457CD00C865E9 /* FilterButtonPreview.swift */; };
		4D1031612EC457CD00C865E9 /* ChipPreview.swift in Sources */ = {isa = PBXBuildFile; fileRef = 4D10315E2EC457CD00C865E9 /* ChipPreview.swift */; };
		4D1AB4EB2CF4900C00311591 /* SkeletonPreview.swift in Sources */ = {isa = PBXBuildFile; fileRef = 4D1AB4EA2CF4900600311591 /* SkeletonPreview.swift */; };
		4D1AB4F12CF494DE00311591 /* SliderPreview.swift in Sources */ = {isa = PBXBuildFile; fileRef = 4D1AB4F02CF494DE00311591 /* SliderPreview.swift */; };
		4D45DAF12D910C2D002B1686 /* Montage in Frameworks */ = {isa = PBXBuildFile; productRef = 4D45DAF02D910C2D002B1686 /* Montage */; };
		4D45DB152D915B13002B1686 /* PushBadgePreview.swift in Sources */ = {isa = PBXBuildFile; fileRef = 4D45DB142D915B0B002B1686 /* PushBadgePreview.swift */; };
		4D45DB192D917B91002B1686 /* ContentBadgePreview.swift in Sources */ = {isa = PBXBuildFile; fileRef = 4D45DB182D917B91002B1686 /* ContentBadgePreview.swift */; };
		4D4B71FD2DA649080069C4F7 /* FlowLayoutPreview.swift in Sources */ = {isa = PBXBuildFile; fileRef = 4D4B71FC2DA649080069C4F7 /* FlowLayoutPreview.swift */; };
		4D55974A2D19A33500CFBCA5 /* HorizontalProgressTrackerPreview.swift in Sources */ = {isa = PBXBuildFile; fileRef = 4D5597492D19A33500CFBCA5 /* HorizontalProgressTrackerPreview.swift */; };
		4D55974C2D19A36500CFBCA5 /* VerticalProgressTrackerPreview.swift in Sources */ = {isa = PBXBuildFile; fileRef = 4D55974B2D19A36500CFBCA5 /* VerticalProgressTrackerPreview.swift */; };
		4D55974E2D1E402C00CFBCA5 /* DateTimePickerPreview.swift in Sources */ = {isa = PBXBuildFile; fileRef = 4D55974D2D1E402C00CFBCA5 /* DateTimePickerPreview.swift */; };
		4D5597522D1E7EC000CFBCA5 /* PaginationDotsPreview.swift in Sources */ = {isa = PBXBuildFile; fileRef = 4D5597512D1E7EC000CFBCA5 /* PaginationDotsPreview.swift */; };
		4D5597542D1E7F9400CFBCA5 /* PaginationPreview.swift in Sources */ = {isa = PBXBuildFile; fileRef = 4D5597532D1E7F9400CFBCA5 /* PaginationPreview.swift */; };
		4D5597562D1E802E00CFBCA5 /* PageCounterPreview.swift in Sources */ = {isa = PBXBuildFile; fileRef = 4D5597552D1E802C00CFBCA5 /* PageCounterPreview.swift */; };
		4D5B46D82CE34625001DD48B /* Pretendard in Frameworks */ = {isa = PBXBuildFile; productRef = 4D5B46D72CE34625001DD48B /* Pretendard */; };
		4D5D8C9C2D27E8E100108C92 /* AccordionPreview.swift in Sources */ = {isa = PBXBuildFile; fileRef = 4D5D8C9B2D27E8CE00108C92 /* AccordionPreview.swift */; };
		4D5D8C9E2D2E5D9E00108C92 /* CategoryPreview.swift in Sources */ = {isa = PBXBuildFile; fileRef = 4D5D8C9D2D2E5D9E00108C92 /* CategoryPreview.swift */; };
		4D6372C72DBA655200E66D22 /* CardPreview.swift in Sources */ = {isa = PBXBuildFile; fileRef = 4D6372C62DBA655200E66D22 /* CardPreview.swift */; };
		4D81004F2EA74BC6004CAD92 /* ComponentListNavigationCoordinator.swift in Sources */ = {isa = PBXBuildFile; fileRef = 4D81004D2EA74BC6004CAD92 /* ComponentListNavigationCoordinator.swift */; };
		4D8100502EA74BC6004CAD92 /* ComponentListView.swift in Sources */ = {isa = PBXBuildFile; fileRef = 4D81004E2EA74BC6004CAD92 /* ComponentListView.swift */; };
		4D8100522EA7594D004CAD92 /* BlueprintApp.swift in Sources */ = {isa = PBXBuildFile; fileRef = 4D8100512EA7594D004CAD92 /* BlueprintApp.swift */; };
		4D8100542EA76329004CAD92 /* ComponentSection.swift in Sources */ = {isa = PBXBuildFile; fileRef = 4D8100532EA76329004CAD92 /* ComponentSection.swift */; };
		4D81005A2EA8760B004CAD92 /* PopoverPreview.swift in Sources */ = {isa = PBXBuildFile; fileRef = 4D8100592EA875FF004CAD92 /* PopoverPreview.swift */; };
		4D853DF72D96491E004549CF /* IconButtonPreview.swift in Sources */ = {isa = PBXBuildFile; fileRef = 4D853DF62D96491E004549CF /* IconButtonPreview.swift */; };
		4D88E5FA2E8BC34D00EA0E67 /* PopupPreview.swift in Sources */ = {isa = PBXBuildFile; fileRef = 4D88E5F92E8BC34D00EA0E67 /* PopupPreview.swift */; };
		4D88E6632E8E3D1B00EA0E67 /* IconPreview.swift in Sources */ = {isa = PBXBuildFile; fileRef = 4D88E6622E8E3D1400EA0E67 /* IconPreview.swift */; };
		4D88E6672E9CC90A00EA0E67 /* TextButtonPreview.swift in Sources */ = {isa = PBXBuildFile; fileRef = 4D88E6662E9CC90A00EA0E67 /* TextButtonPreview.swift */; };
		4D8A16F12E586B370094B8B7 /* FramedStylePreview.swift in Sources */ = {isa = PBXBuildFile; fileRef = 4D8A16F02E586B370094B8B7 /* FramedStylePreview.swift */; };
		4D9083502DAF9D7000DF22A4 /* CaseDescribable.swift in Sources */ = {isa = PBXBuildFile; fileRef = 4D90834F2DAF9D7000DF22A4 /* CaseDescribable.swift */; };
		4D9379FE2DB7A7EC005C14DD /* ListCardPreview.swift in Sources */ = {isa = PBXBuildFile; fileRef = 4D9379FD2DB7A7EC005C14DD /* ListCardPreview.swift */; };
		4D96F7CA2E9FA8C300DFECE8 /* ColorPreview.swift in Sources */ = {isa = PBXBuildFile; fileRef = 4D96F7C92E9FA8C300DFECE8 /* ColorPreview.swift */; };
		4D96F7CE2EA07D7B00DFECE8 /* TransparentCheckerPatternModifier.swift in Sources */ = {isa = PBXBuildFile; fileRef = 4D96F7CD2EA07D7B00DFECE8 /* TransparentCheckerPatternModifier.swift */; };
		4DA40B272D3E2F72004C73E5 /* SectionHeaderPreview.swift in Sources */ = {isa = PBXBuildFile; fileRef = 4DA40B262D3E2F6A004C73E5 /* SectionHeaderPreview.swift */; };
		4DA44F1B2D12CC91009FE3DB /* PullToRefreshPreview.swift in Sources */ = {isa = PBXBuildFile; fileRef = 4DA44F1A2D12CC91009FE3DB /* PullToRefreshPreview.swift */; };
		4DA44F1F2D19584D009FE3DB /* ProgressTrackerPreview.swift in Sources */ = {isa = PBXBuildFile; fileRef = 4DA44F1E2D195832009FE3DB /* ProgressTrackerPreview.swift */; };
		4DB87ADC2CEC8F6B00DEC2A4 /* ProgressIndicatorPreview.swift in Sources */ = {isa = PBXBuildFile; fileRef = 4DB87ADB2CEC8F6800DEC2A4 /* ProgressIndicatorPreview.swift */; };
		4DBDBC472F4DB52100E55529 /* AvatarGroupPreview.swift in Sources */ = {isa = PBXBuildFile; fileRef = 4DBDBC462F4DB52100E55529 /* AvatarGroupPreview.swift */; };
		4DC668AA2D673E8F00461189 /* BottomSheetPreview.swift in Sources */ = {isa = PBXBuildFile; fileRef = 4DC668A92D673E8F00461189 /* BottomSheetPreview.swift */; };
		4DC668AE2D684BB100461189 /* ModalNavigationPreview.swift in Sources */ = {isa = PBXBuildFile; fileRef = 4DC668AD2D684BA500461189 /* ModalNavigationPreview.swift */; };
		4DCAEA792E4C81A8007C24BF /* FallbackViewPreview.swift in Sources */ = {isa = PBXBuildFile; fileRef = 4DCAEA782E4C81A8007C24BF /* FallbackViewPreview.swift */; };
		4DCAEA7B2E4D822A007C24BF /* TypographyPreview.swift in Sources */ = {isa = PBXBuildFile; fileRef = 4DCAEA7A2E4D822A007C24BF /* TypographyPreview.swift */; };
		4DCFAAF72CE600D600F7A4CD /* SegmentedControlPreview.swift in Sources */ = {isa = PBXBuildFile; fileRef = 4DCFAAF62CE600D600F7A4CD /* SegmentedControlPreview.swift */; };
		4DCFAAFA2CE6016900F7A4CD /* ListCellPreview.swift in Sources */ = {isa = PBXBuildFile; fileRef = 4DCFAAF92CE6016900F7A4CD /* ListCellPreview.swift */; };
		4DCFAAFC2CE603AA00F7A4CD /* LoadingPreview.swift in Sources */ = {isa = PBXBuildFile; fileRef = 4DCFAAFB2CE603A100F7A4CD /* LoadingPreview.swift */; };
		4DCFAB012CE74BC900F7A4CD /* TabPreview.swift in Sources */ = {isa = PBXBuildFile; fileRef = 4DCFAB002CE74BC900F7A4CD /* TabPreview.swift */; };
		4DD3E95D2CF45F6200F97C50 /* AvatarPreview.swift in Sources */ = {isa = PBXBuildFile; fileRef = 4DD3E95C2CF45F5500F97C50 /* AvatarPreview.swift */; };
		4DD95C852DAFB50C00F2EF87 /* PlayBadgePreview.swift in Sources */ = {isa = PBXBuildFile; fileRef = 4DD95C842DAFB50C00F2EF87 /* PlayBadgePreview.swift */; };
		4DF7C5022CE340F0002B241B /* Asset.xcassets in Resources */ = {isa = PBXBuildFile; fileRef = 4DF7C4742CE340F0002B241B /* Asset.xcassets */; };
		4DF7C5032CE340F0002B241B /* LaunchScreen.storyboard in Resources */ = {isa = PBXBuildFile; fileRef = 4DF7C4752CE340F0002B241B /* LaunchScreen.storyboard */; };
		4DF7C5122CE340F0002B241B /* TextAreaPreview.swift in Sources */ = {isa = PBXBuildFile; fileRef = 4DF7C4AA2CE340F0002B241B /* TextAreaPreview.swift */; };
		4DF7C5182CE340F0002B241B /* ActionAreaPreview.swift in Sources */ = {isa = PBXBuildFile; fileRef = 4DF7C4992CE340F0002B241B /* ActionAreaPreview.swift */; };
		4DF7C51C2CE340F0002B241B /* TopNavigationPreview.swift in Sources */ = {isa = PBXBuildFile; fileRef = 4DF7C4B82CE340F0002B241B /* TopNavigationPreview.swift */; };
		4DF7C5362CE340F0002B241B /* Collection+.swift in Sources */ = {isa = PBXBuildFile; fileRef = 4DF7C4772CE340F0002B241B /* Collection+.swift */; };
		4DF7C5392CE340F0002B241B /* SnackBarPreview.swift in Sources */ = {isa = PBXBuildFile; fileRef = 4DF7C4A82CE340F0002B241B /* SnackBarPreview.swift */; };
		4DF7C5482CE340F0002B241B /* ToastPreview.swift in Sources */ = {isa = PBXBuildFile; fileRef = 4DF7C4AD2CE340F0002B241B /* ToastPreview.swift */; };
		4DF7C54A2CE340F0002B241B /* ButtonPreview.swift in Sources */ = {isa = PBXBuildFile; fileRef = 4DF7C4BA2CE340F0002B241B /* ButtonPreview.swift */; };
		4DF7C5522CE340F0002B241B /* TextFieldPreview.swift in Sources */ = {isa = PBXBuildFile; fileRef = 4DF7C4AB2CE340F0002B241B /* TextFieldPreview.swift */; };
		4DF7C55D2CE340F0002B241B /* TooltipPreview.swift in Sources */ = {isa = PBXBuildFile; fileRef = 4DF7C4AF2CE340F0002B241B /* TooltipPreview.swift */; };
		4DF7C5602CE340F0002B241B /* SelectPreview.swift in Sources */ = {isa = PBXBuildFile; fileRef = 4DF7C4A62CE340F0002B241B /* SelectPreview.swift */; };
		4DFA5A532E572464003BED22 /* ShadowPreview.swift in Sources */ = {isa = PBXBuildFile; fileRef = 4DFA5A522E572464003BED22 /* ShadowPreview.swift */; };
		C878B8072F975E50000F7163 /* Montage in Frameworks */ = {isa = PBXBuildFile; productRef = C878B8062F975E50000F7163 /* Montage */; };
/* End PBXBuildFile section */

/* Begin PBXFileReference section */
		4D0952662D7ABCCB00BB6044 /* ControlPreview.swift */ = {isa = PBXFileReference; lastKnownFileType = sourcecode.swift; path = ControlPreview.swift; sourceTree = "<group>"; };
		4D0D251D2DB763F600608CE5 /* ThumbnailPreview.swift */ = {isa = PBXFileReference; lastKnownFileType = sourcecode.swift; path = ThumbnailPreview.swift; sourceTree = "<group>"; };
		4D10315E2EC457CD00C865E9 /* ChipPreview.swift */ = {isa = PBXFileReference; lastKnownFileType = sourcecode.swift; path = ChipPreview.swift; sourceTree = "<group>"; };
		4D10315F2EC457CD00C865E9 /* FilterButtonPreview.swift */ = {isa = PBXFileReference; lastKnownFileType = sourcecode.swift; path = FilterButtonPreview.swift; sourceTree = "<group>"; };
		4D1AB4EA2CF4900600311591 /* SkeletonPreview.swift */ = {isa = PBXFileReference; lastKnownFileType = sourcecode.swift; path = SkeletonPreview.swift; sourceTree = "<group>"; };
		4D1AB4F02CF494DE00311591 /* SliderPreview.swift */ = {isa = PBXFileReference; lastKnownFileType = sourcecode.swift; path = SliderPreview.swift; sourceTree = "<group>"; };
		4D45DB142D915B0B002B1686 /* PushBadgePreview.swift */ = {isa = PBXFileReference; lastKnownFileType = sourcecode.swift; path = PushBadgePreview.swift; sourceTree = "<group>"; };
		4D45DB182D917B91002B1686 /* ContentBadgePreview.swift */ = {isa = PBXFileReference; lastKnownFileType = sourcecode.swift; path = ContentBadgePreview.swift; sourceTree = "<group>"; };
		4D4B71FC2DA649080069C4F7 /* FlowLayoutPreview.swift */ = {isa = PBXFileReference; lastKnownFileType = sourcecode.swift; path = FlowLayoutPreview.swift; sourceTree = "<group>"; };
		4D5597492D19A33500CFBCA5 /* HorizontalProgressTrackerPreview.swift */ = {isa = PBXFileReference; lastKnownFileType = sourcecode.swift; path = HorizontalProgressTrackerPreview.swift; sourceTree = "<group>"; };
		4D55974B2D19A36500CFBCA5 /* VerticalProgressTrackerPreview.swift */ = {isa = PBXFileReference; lastKnownFileType = sourcecode.swift; path = VerticalProgressTrackerPreview.swift; sourceTree = "<group>"; };
		4D55974D2D1E402C00CFBCA5 /* DateTimePickerPreview.swift */ = {isa = PBXFileReference; lastKnownFileType = sourcecode.swift; path = DateTimePickerPreview.swift; sourceTree = "<group>"; };
		4D5597512D1E7EC000CFBCA5 /* PaginationDotsPreview.swift */ = {isa = PBXFileReference; lastKnownFileType = sourcecode.swift; path = PaginationDotsPreview.swift; sourceTree = "<group>"; };
		4D5597532D1E7F9400CFBCA5 /* PaginationPreview.swift */ = {isa = PBXFileReference; lastKnownFileType = sourcecode.swift; path = PaginationPreview.swift; sourceTree = "<group>"; };
		4D5597552D1E802C00CFBCA5 /* PageCounterPreview.swift */ = {isa = PBXFileReference; lastKnownFileType = sourcecode.swift; path = PageCounterPreview.swift; sourceTree = "<group>"; };
		4D5D8C9B2D27E8CE00108C92 /* AccordionPreview.swift */ = {isa = PBXFileReference; lastKnownFileType = sourcecode.swift; path = AccordionPreview.swift; sourceTree = "<group>"; };
		4D5D8C9D2D2E5D9E00108C92 /* CategoryPreview.swift */ = {isa = PBXFileReference; lastKnownFileType = sourcecode.swift; path = CategoryPreview.swift; sourceTree = "<group>"; };
		4D6372C62DBA655200E66D22 /* CardPreview.swift */ = {isa = PBXFileReference; lastKnownFileType = sourcecode.swift; path = CardPreview.swift; sourceTree = "<group>"; };
		4D81004D2EA74BC6004CAD92 /* ComponentListNavigationCoordinator.swift */ = {isa = PBXFileReference; lastKnownFileType = sourcecode.swift; path = ComponentListNavigationCoordinator.swift; sourceTree = "<group>"; };
		4D81004E2EA74BC6004CAD92 /* ComponentListView.swift */ = {isa = PBXFileReference; lastKnownFileType = sourcecode.swift; path = ComponentListView.swift; sourceTree = "<group>"; };
		4D8100512EA7594D004CAD92 /* BlueprintApp.swift */ = {isa = PBXFileReference; lastKnownFileType = sourcecode.swift; path = BlueprintApp.swift; sourceTree = "<group>"; };
		4D8100532EA76329004CAD92 /* ComponentSection.swift */ = {isa = PBXFileReference; lastKnownFileType = sourcecode.swift; path = ComponentSection.swift; sourceTree = "<group>"; };
		4D8100592EA875FF004CAD92 /* PopoverPreview.swift */ = {isa = PBXFileReference; lastKnownFileType = sourcecode.swift; path = PopoverPreview.swift; sourceTree = "<group>"; };
		4D853DF62D96491E004549CF /* IconButtonPreview.swift */ = {isa = PBXFileReference; lastKnownFileType = sourcecode.swift; path = IconButtonPreview.swift; sourceTree = "<group>"; };
		4D88E5F92E8BC34D00EA0E67 /* PopupPreview.swift */ = {isa = PBXFileReference; lastKnownFileType = sourcecode.swift; path = PopupPreview.swift; sourceTree = "<group>"; };
		4D88E6622E8E3D1400EA0E67 /* IconPreview.swift */ = {isa = PBXFileReference; lastKnownFileType = sourcecode.swift; path = IconPreview.swift; sourceTree = "<group>"; };
		4D88E6662E9CC90A00EA0E67 /* TextButtonPreview.swift */ = {isa = PBXFileReference; lastKnownFileType = sourcecode.swift; path = TextButtonPreview.swift; sourceTree = "<group>"; };
		4D8A16F02E586B370094B8B7 /* FramedStylePreview.swift */ = {isa = PBXFileReference; lastKnownFileType = sourcecode.swift; path = FramedStylePreview.swift; sourceTree = "<group>"; };
		4D90834F2DAF9D7000DF22A4 /* CaseDescribable.swift */ = {isa = PBXFileReference; lastKnownFileType = sourcecode.swift; path = CaseDescribable.swift; sourceTree = "<group>"; };
		4D9379FD2DB7A7EC005C14DD /* ListCardPreview.swift */ = {isa = PBXFileReference; lastKnownFileType = sourcecode.swift; path = ListCardPreview.swift; sourceTree = "<group>"; };
		4D96F7C92E9FA8C300DFECE8 /* ColorPreview.swift */ = {isa = PBXFileReference; lastKnownFileType = sourcecode.swift; path = ColorPreview.swift; sourceTree = "<group>"; };
		4D96F7CD2EA07D7B00DFECE8 /* TransparentCheckerPatternModifier.swift */ = {isa = PBXFileReference; lastKnownFileType = sourcecode.swift; path = TransparentCheckerPatternModifier.swift; sourceTree = "<group>"; };
		4D9F46AC2CE32750000DBA7D /* Blueprint.app */ = {isa = PBXFileReference; explicitFileType = wrapper.application; includeInIndex = 0; path = Blueprint.app; sourceTree = BUILT_PRODUCTS_DIR; };
		4DA40B262D3E2F6A004C73E5 /* SectionHeaderPreview.swift */ = {isa = PBXFileReference; lastKnownFileType = sourcecode.swift; path = SectionHeaderPreview.swift; sourceTree = "<group>"; };
		4DA44F1A2D12CC91009FE3DB /* PullToRefreshPreview.swift */ = {isa = PBXFileReference; lastKnownFileType = sourcecode.swift; path = PullToRefreshPreview.swift; sourceTree = "<group>"; };
		4DA44F1E2D195832009FE3DB /* ProgressTrackerPreview.swift */ = {isa = PBXFileReference; lastKnownFileType = sourcecode.swift; path = ProgressTrackerPreview.swift; sourceTree = "<group>"; };
		4DB87ADB2CEC8F6800DEC2A4 /* ProgressIndicatorPreview.swift */ = {isa = PBXFileReference; lastKnownFileType = sourcecode.swift; path = ProgressIndicatorPreview.swift; sourceTree = "<group>"; };
		4DBDBC462F4DB52100E55529 /* AvatarGroupPreview.swift */ = {isa = PBXFileReference; lastKnownFileType = sourcecode.swift; path = AvatarGroupPreview.swift; sourceTree = "<group>"; };
		4DC668A92D673E8F00461189 /* BottomSheetPreview.swift */ = {isa = PBXFileReference; lastKnownFileType = sourcecode.swift; path = BottomSheetPreview.swift; sourceTree = "<group>"; };
		4DC668AD2D684BA500461189 /* ModalNavigationPreview.swift */ = {isa = PBXFileReference; lastKnownFileType = sourcecode.swift; path = ModalNavigationPreview.swift; sourceTree = "<group>"; };
		4DCAEA782E4C81A8007C24BF /* FallbackViewPreview.swift */ = {isa = PBXFileReference; lastKnownFileType = sourcecode.swift; path = FallbackViewPreview.swift; sourceTree = "<group>"; };
		4DCAEA7A2E4D822A007C24BF /* TypographyPreview.swift */ = {isa = PBXFileReference; lastKnownFileType = sourcecode.swift; path = TypographyPreview.swift; sourceTree = "<group>"; };
		4DCFAAF62CE600D600F7A4CD /* SegmentedControlPreview.swift */ = {isa = PBXFileReference; lastKnownFileType = sourcecode.swift; path = SegmentedControlPreview.swift; sourceTree = "<group>"; };
		4DCFAAF92CE6016900F7A4CD /* ListCellPreview.swift */ = {isa = PBXFileReference; lastKnownFileType = sourcecode.swift; path = ListCellPreview.swift; sourceTree = "<group>"; };
		4DCFAAFB2CE603A100F7A4CD /* LoadingPreview.swift */ = {isa = PBXFileReference; lastKnownFileType = sourcecode.swift; path = LoadingPreview.swift; sourceTree = "<group>"; };
		4DCFAB002CE74BC900F7A4CD /* TabPreview.swift */ = {isa = PBXFileReference; lastKnownFileType = sourcecode.swift; path = TabPreview.swift; sourceTree = "<group>"; };
		4DD3E95C2CF45F5500F97C50 /* AvatarPreview.swift */ = {isa = PBXFileReference; lastKnownFileType = sourcecode.swift; path = AvatarPreview.swift; sourceTree = "<group>"; };
		4DD95C842DAFB50C00F2EF87 /* PlayBadgePreview.swift */ = {isa = PBXFileReference; lastKnownFileType = sourcecode.swift; path = PlayBadgePreview.swift; sourceTree = "<group>"; };
		4DF7C4742CE340F0002B241B /* Asset.xcassets */ = {isa = PBXFileReference; lastKnownFileType = folder.assetcatalog; path = Asset.xcassets; sourceTree = "<group>"; };
		4DF7C4752CE340F0002B241B /* LaunchScreen.storyboard */ = {isa = PBXFileReference; lastKnownFileType = file.storyboard; path = LaunchScreen.storyboard; sourceTree = "<group>"; };
		4DF7C4772CE340F0002B241B /* Collection+.swift */ = {isa = PBXFileReference; lastKnownFileType = sourcecode.swift; path = "Collection+.swift"; sourceTree = "<group>"; };
		4DF7C4992CE340F0002B241B /* ActionAreaPreview.swift */ = {isa = PBXFileReference; lastKnownFileType = sourcecode.swift; path = ActionAreaPreview.swift; sourceTree = "<group>"; };
		4DF7C4A62CE340F0002B241B /* SelectPreview.swift */ = {isa = PBXFileReference; lastKnownFileType = sourcecode.swift; path = SelectPreview.swift; sourceTree = "<group>"; };
		4DF7C4A82CE340F0002B241B /* SnackBarPreview.swift */ = {isa = PBXFileReference; lastKnownFileType = sourcecode.swift; path = SnackBarPreview.swift; sourceTree = "<group>"; };
		4DF7C4AA2CE340F0002B241B /* TextAreaPreview.swift */ = {isa = PBXFileReference; lastKnownFileType = sourcecode.swift; path = TextAreaPreview.swift; sourceTree = "<group>"; };
		4DF7C4AB2CE340F0002B241B /* TextFieldPreview.swift */ = {isa = PBXFileReference; lastKnownFileType = sourcecode.swift; path = TextFieldPreview.swift; sourceTree = "<group>"; };
		4DF7C4AD2CE340F0002B241B /* ToastPreview.swift */ = {isa = PBXFileReference; lastKnownFileType = sourcecode.swift; path = ToastPreview.swift; sourceTree = "<group>"; };
		4DF7C4AF2CE340F0002B241B /* TooltipPreview.swift */ = {isa = PBXFileReference; lastKnownFileType = sourcecode.swift; path = TooltipPreview.swift; sourceTree = "<group>"; };
		4DF7C4B82CE340F0002B241B /* TopNavigationPreview.swift */ = {isa = PBXFileReference; lastKnownFileType = sourcecode.swift; path = TopNavigationPreview.swift; sourceTree = "<group>"; };
		4DF7C4BA2CE340F0002B241B /* ButtonPreview.swift */ = {isa = PBXFileReference; lastKnownFileType = sourcecode.swift; path = ButtonPreview.swift; sourceTree = "<group>"; };
		4DF7C56A2CE342EA002B241B /* Blueprint-Info.plist */ = {isa = PBXFileReference; lastKnownFileType = text.plist; path = "Blueprint-Info.plist"; sourceTree = "<group>"; };
		4DFA5A522E572464003BED22 /* ShadowPreview.swift */ = {isa = PBXFileReference; lastKnownFileType = sourcecode.swift; path = ShadowPreview.swift; sourceTree = "<group>"; };
/* End PBXFileReference section */

/* Begin PBXFrameworksBuildPhase section */
		4D9F46A92CE32750000DBA7D /* Frameworks */ = {
			isa = PBXFrameworksBuildPhase;
			buildActionMask = 2147483647;
			files = (
				C878B8072F975E50000F7163 /* Montage in Frameworks */,
				4D5B46D82CE34625001DD48B /* Pretendard in Frameworks */,
				4D45DAF12D910C2D002B1686 /* Montage in Frameworks */,
			);
			runOnlyForDeploymentPostprocessing = 0;
		};
/* End PBXFrameworksBuildPhase section */

/* Begin PBXGroup section */
		4D9F46A32CE32750000DBA7D = {
			isa = PBXGroup;
			children = (
				4DF7C56A2CE342EA002B241B /* Blueprint-Info.plist */,
				4DF7C5012CE340F0002B241B /* Sources */,
				4DF7C4762CE340F0002B241B /* Resources */,
				4D9F47F42CE3284C000DBA7D /* Frameworks */,
				4D9F46AD2CE32750000DBA7D /* Products */,
			);
			sourceTree = "<group>";
		};
		4D9F46AD2CE32750000DBA7D /* Products */ = {
			isa = PBXGroup;
			children = (
				4D9F46AC2CE32750000DBA7D /* Blueprint.app */,
			);
			name = Products;
			sourceTree = "<group>";
		};
		4D9F47F42CE3284C000DBA7D /* Frameworks */ = {
			isa = PBXGroup;
			children = (
			);
			name = Frameworks;
			sourceTree = "<group>";
		};
		4DF7C4762CE340F0002B241B /* Resources */ = {
			isa = PBXGroup;
			children = (
				4DF7C4742CE340F0002B241B /* Asset.xcassets */,
				4DF7C4752CE340F0002B241B /* LaunchScreen.storyboard */,
			);
			path = Resources;
			sourceTree = "<group>";
		};
		4DF7C47F2CE340F0002B241B /* Utilities */ = {
			isa = PBXGroup;
			children = (
				4DF7C4772CE340F0002B241B /* Collection+.swift */,
				4D90834F2DAF9D7000DF22A4 /* CaseDescribable.swift */,
				4D96F7CD2EA07D7B00DFECE8 /* TransparentCheckerPatternModifier.swift */,
			);
			path = Utilities;
			sourceTree = "<group>";
		};
		4DF7C4982CE340F0002B241B /* ComponentList */ = {
			isa = PBXGroup;
			children = (
				4D8100532EA76329004CAD92 /* ComponentSection.swift */,
				4D81004D2EA74BC6004CAD92 /* ComponentListNavigationCoordinator.swift */,
				4D81004E2EA74BC6004CAD92 /* ComponentListView.swift */,
			);
			path = ComponentList;
			sourceTree = "<group>";
		};
		4DF7C4FD2CE340F0002B241B /* Previews */ = {
			isa = PBXGroup;
			children = (
				4D5D8C9B2D27E8CE00108C92 /* AccordionPreview.swift */,
				4DF7C4992CE340F0002B241B /* ActionAreaPreview.swift */,
				4DBDBC462F4DB52100E55529 /* AvatarGroupPreview.swift */,
				4DD3E95C2CF45F5500F97C50 /* AvatarPreview.swift */,
				4DC668A92D673E8F00461189 /* BottomSheetPreview.swift */,
				4DF7C4BA2CE340F0002B241B /* ButtonPreview.swift */,
				4D6372C62DBA655200E66D22 /* CardPreview.swift */,
				4D5D8C9D2D2E5D9E00108C92 /* CategoryPreview.swift */,
				4D10315E2EC457CD00C865E9 /* ChipPreview.swift */,
				4D96F7C92E9FA8C300DFECE8 /* ColorPreview.swift */,
				4D45DB182D917B91002B1686 /* ContentBadgePreview.swift */,
				4D0952662D7ABCCB00BB6044 /* ControlPreview.swift */,
				4D55974D2D1E402C00CFBCA5 /* DateTimePickerPreview.swift */,
				4DCAEA782E4C81A8007C24BF /* FallbackViewPreview.swift */,
				4D10315F2EC457CD00C865E9 /* FilterButtonPreview.swift */,
				4D4B71FC2DA649080069C4F7 /* FlowLayoutPreview.swift */,
				4D8A16F02E586B370094B8B7 /* FramedStylePreview.swift */,
				4D5597492D19A33500CFBCA5 /* HorizontalProgressTrackerPreview.swift */,
				4D853DF62D96491E004549CF /* IconButtonPreview.swift */,
				4D88E6622E8E3D1400EA0E67 /* IconPreview.swift */,
				4D9379FD2DB7A7EC005C14DD /* ListCardPreview.swift */,
				4DCFAAF92CE6016900F7A4CD /* ListCellPreview.swift */,
				4DCFAAFB2CE603A100F7A4CD /* LoadingPreview.swift */,
				4DC668AD2D684BA500461189 /* ModalNavigationPreview.swift */,
				4D5597552D1E802C00CFBCA5 /* PageCounterPreview.swift */,
				4D5597512D1E7EC000CFBCA5 /* PaginationDotsPreview.swift */,
				4D5597532D1E7F9400CFBCA5 /* PaginationPreview.swift */,
				4DD95C842DAFB50C00F2EF87 /* PlayBadgePreview.swift */,
				4D8100592EA875FF004CAD92 /* PopoverPreview.swift */,
				4D88E5F92E8BC34D00EA0E67 /* PopupPreview.swift */,
				4DB87ADB2CEC8F6800DEC2A4 /* ProgressIndicatorPreview.swift */,
				4DA44F1E2D195832009FE3DB /* ProgressTrackerPreview.swift */,
				4DA44F1A2D12CC91009FE3DB /* PullToRefreshPreview.swift */,
				4D45DB142D915B0B002B1686 /* PushBadgePreview.swift */,
				4DA40B262D3E2F6A004C73E5 /* SectionHeaderPreview.swift */,
				4DCFAAF62CE600D600F7A4CD /* SegmentedControlPreview.swift */,
				4DF7C4A62CE340F0002B241B /* SelectPreview.swift */,
				4DFA5A522E572464003BED22 /* ShadowPreview.swift */,
				4D1AB4EA2CF4900600311591 /* SkeletonPreview.swift */,
				4D1AB4F02CF494DE00311591 /* SliderPreview.swift */,
				4DF7C4A82CE340F0002B241B /* SnackBarPreview.swift */,
				4DCFAB002CE74BC900F7A4CD /* TabPreview.swift */,
				4DF7C4AA2CE340F0002B241B /* TextAreaPreview.swift */,
				4D88E6662E9CC90A00EA0E67 /* TextButtonPreview.swift */,
				4DF7C4AB2CE340F0002B241B /* TextFieldPreview.swift */,
				4D0D251D2DB763F600608CE5 /* ThumbnailPreview.swift */,
				4DF7C4AD2CE340F0002B241B /* ToastPreview.swift */,
				4DF7C4AF2CE340F0002B241B /* TooltipPreview.swift */,
				4DF7C4B82CE340F0002B241B /* TopNavigationPreview.swift */,
				4DCAEA7A2E4D822A007C24BF /* TypographyPreview.swift */,
				4D55974B2D19A36500CFBCA5 /* VerticalProgressTrackerPreview.swift */,
			);
			path = Previews;
			sourceTree = "<group>";
		};
		4DF7C4FE2CE340F0002B241B /* Scene */ = {
			isa = PBXGroup;
			children = (
				4DF7C4982CE340F0002B241B /* ComponentList */,
				4DF7C4FD2CE340F0002B241B /* Previews */,
			);
			path = Scene;
			sourceTree = "<group>";
		};
		4DF7C5012CE340F0002B241B /* Sources */ = {
			isa = PBXGroup;
			children = (
				4D8100512EA7594D004CAD92 /* BlueprintApp.swift */,
				4DF7C4FE2CE340F0002B241B /* Scene */,
				4DF7C47F2CE340F0002B241B /* Utilities */,
			);
			path = Sources;
			sourceTree = "<group>";
		};
/* End PBXGroup section */

/* Begin PBXNativeTarget section */
		4D9F46AB2CE32750000DBA7D /* Blueprint */ = {
			isa = PBXNativeTarget;
			buildConfigurationList = 4D9F46D02CE32752000DBA7D /* Build configuration list for PBXNativeTarget "Blueprint" */;
			buildPhases = (
				4D9F46A82CE32750000DBA7D /* Sources */,
				4D9F46A92CE32750000DBA7D /* Frameworks */,
				4D9F46AA2CE32750000DBA7D /* Resources */,
			);
			buildRules = (
			);
			dependencies = (
			);
			name = Blueprint;
			packageProductDependencies = (
				4D5B46D72CE34625001DD48B /* Pretendard */,
				4D45DAF02D910C2D002B1686 /* Montage */,
				C878B8062F975E50000F7163 /* Montage */,
			);
			productName = Blueprint;
			productReference = 4D9F46AC2CE32750000DBA7D /* Blueprint.app */;
			productType = "com.apple.product-type.application";
		};
/* End PBXNativeTarget section */

/* Begin PBXProject section */
		4D9F46A42CE32750000DBA7D /* Project object */ = {
			isa = PBXProject;
			attributes = {
				BuildIndependentTargetsInParallel = 1;
				LastSwiftUpdateCheck = 1610;
				LastUpgradeCheck = 1610;
				TargetAttributes = {
					4D9F46AB2CE32750000DBA7D = {
						CreatedOnToolsVersion = 16.1;
					};
				};
			};
			buildConfigurationList = 4D9F46A72CE32750000DBA7D /* Build configuration list for PBXProject "Blueprint" */;
			developmentRegion = en;
			hasScannedForEncodings = 0;
			knownRegions = (
				en,
				Base,
			);
			mainGroup = 4D9F46A32CE32750000DBA7D;
			minimizedProjectReferenceProxies = 1;
			packageReferences = (
				4D5B46D62CE34625001DD48B /* XCRemoteSwiftPackageReference "pretendard-ios" */,
				C878B8052F975E50000F7163 /* XCRemoteSwiftPackageReference "montage-ios" */,
			);
			preferredProjectObjectVersion = 77;
			productRefGroup = 4D9F46AD2CE32750000DBA7D /* Products */;
			projectDirPath = "";
			projectRoot = "";
			targets = (
				4D9F46AB2CE32750000DBA7D /* Blueprint */,
			);
		};
/* End PBXProject section */

/* Begin PBXResourcesBuildPhase section */
		4D9F46AA2CE32750000DBA7D /* Resources */ = {
			isa = PBXResourcesBuildPhase;
			buildActionMask = 2147483647;
			files = (
				4DF7C5022CE340F0002B241B /* Asset.xcassets in Resources */,
				4DF7C5032CE340F0002B241B /* LaunchScreen.storyboard in Resources */,
			);
			runOnlyForDeploymentPostprocessing = 0;
		};
/* End PBXResourcesBuildPhase section */

/* Begin PBXSourcesBuildPhase section */
		4D9F46A82CE32750000DBA7D /* Sources */ = {
			isa = PBXSourcesBuildPhase;
			buildActionMask = 2147483647;
			files = (
				4DCFAAFC2CE603AA00F7A4CD /* LoadingPreview.swift in Sources */,
				4DCAEA7B2E4D822A007C24BF /* TypographyPreview.swift in Sources */,
				4D1AB4EB2CF4900C00311591 /* SkeletonPreview.swift in Sources */,
				4DCAEA792E4C81A8007C24BF /* FallbackViewPreview.swift in Sources */,
				4DF7C5122CE340F0002B241B /* TextAreaPreview.swift in Sources */,
				4DD95C852DAFB50C00F2EF87 /* PlayBadgePreview.swift in Sources */,
				4DFA5A532E572464003BED22 /* ShadowPreview.swift in Sources */,
				4D853DF72D96491E004549CF /* IconButtonPreview.swift in Sources */,
				4DCFAB012CE74BC900F7A4CD /* TabPreview.swift in Sources */,
				4DF7C5182CE340F0002B241B /* ActionAreaPreview.swift in Sources */,
				4D55974E2D1E402C00CFBCA5 /* DateTimePickerPreview.swift in Sources */,
				4DF7C51C2CE340F0002B241B /* TopNavigationPreview.swift in Sources */,
				4D5597522D1E7EC000CFBCA5 /* PaginationDotsPreview.swift in Sources */,
				4D0D251E2DB763FE00608CE5 /* ThumbnailPreview.swift in Sources */,
				4D81005A2EA8760B004CAD92 /* PopoverPreview.swift in Sources */,
				4D96F7CE2EA07D7B00DFECE8 /* TransparentCheckerPatternModifier.swift in Sources */,
				4DA44F1B2D12CC91009FE3DB /* PullToRefreshPreview.swift in Sources */,
				4DCFAAFA2CE6016900F7A4CD /* ListCellPreview.swift in Sources */,
				4D45DB152D915B13002B1686 /* PushBadgePreview.swift in Sources */,
				4DA44F1F2D19584D009FE3DB /* ProgressTrackerPreview.swift in Sources */,
				4D0952672D7ABCCB00BB6044 /* ControlPreview.swift in Sources */,
				4D88E6632E8E3D1B00EA0E67 /* IconPreview.swift in Sources */,
				4DC668AA2D673E8F00461189 /* BottomSheetPreview.swift in Sources */,
				4DB87ADC2CEC8F6B00DEC2A4 /* ProgressIndicatorPreview.swift in Sources */,
				4D5597542D1E7F9400CFBCA5 /* PaginationPreview.swift in Sources */,
				4DF7C5362CE340F0002B241B /* Collection+.swift in Sources */,
				4DF7C5392CE340F0002B241B /* SnackBarPreview.swift in Sources */,
				4DA40B272D3E2F72004C73E5 /* SectionHeaderPreview.swift in Sources */,
				4D55974C2D19A36500CFBCA5 /* VerticalProgressTrackerPreview.swift in Sources */,
				4DCFAAF72CE600D600F7A4CD /* SegmentedControlPreview.swift in Sources */,
				4D6372C72DBA655200E66D22 /* CardPreview.swift in Sources */,
				4D1AB4F12CF494DE00311591 /* SliderPreview.swift in Sources */,
				4DF7C5482CE340F0002B241B /* ToastPreview.swift in Sources */,
				4D88E5FA2E8BC34D00EA0E67 /* PopupPreview.swift in Sources */,
				4D1031602EC457CD00C865E9 /* FilterButtonPreview.swift in Sources */,
				4D1031612EC457CD00C865E9 /* ChipPreview.swift in Sources */,
				4D9379FE2DB7A7EC005C14DD /* ListCardPreview.swift in Sources */,
				4D8100522EA7594D004CAD92 /* BlueprintApp.swift in Sources */,
				4DF7C54A2CE340F0002B241B /* ButtonPreview.swift in Sources */,
				4DBDBC472F4DB52100E55529 /* AvatarGroupPreview.swift in Sources */,
				4DD3E95D2CF45F6200F97C50 /* AvatarPreview.swift in Sources */,
				4D5D8C9C2D27E8E100108C92 /* AccordionPreview.swift in Sources */,
				4D4B71FD2DA649080069C4F7 /* FlowLayoutPreview.swift in Sources */,
				4D9083502DAF9D7000DF22A4 /* CaseDescribable.swift in Sources */,
				4D5597562D1E802E00CFBCA5 /* PageCounterPreview.swift in Sources */,
				4DF7C5522CE340F0002B241B /* TextFieldPreview.swift in Sources */,
				4D96F7CA2E9FA8C300DFECE8 /* ColorPreview.swift in Sources */,
				4D5D8C9E2D2E5D9E00108C92 /* CategoryPreview.swift in Sources */,
				4D8100542EA76329004CAD92 /* ComponentSection.swift in Sources */,
				4D88E6672E9CC90A00EA0E67 /* TextButtonPreview.swift in Sources */,
				4D45DB192D917B91002B1686 /* ContentBadgePreview.swift in Sources */,
				4D8A16F12E586B370094B8B7 /* FramedStylePreview.swift in Sources */,
				4DC668AE2D684BB100461189 /* ModalNavigationPreview.swift in Sources */,
				4D81004F2EA74BC6004CAD92 /* ComponentListNavigationCoordinator.swift in Sources */,
				4D8100502EA74BC6004CAD92 /* ComponentListView.swift in Sources */,
				4DF7C55D2CE340F0002B241B /* TooltipPreview.swift in Sources */,
				4DF7C5602CE340F0002B241B /* SelectPreview.swift in Sources */,
				4D55974A2D19A33500CFBCA5 /* HorizontalProgressTrackerPreview.swift in Sources */,
			);
			runOnlyForDeploymentPostprocessing = 0;
		};
/* End PBXSourcesBuildPhase section */

/* Begin XCBuildConfiguration section */
		4D9F46CE2CE32752000DBA7D /* Debug */ = {
			isa = XCBuildConfiguration;
			buildSettings = {
				ALWAYS_SEARCH_USER_PATHS = NO;
				ASSETCATALOG_COMPILER_GENERATE_SWIFT_ASSET_SYMBOL_EXTENSIONS = YES;
				CLANG_ANALYZER_NONNULL = YES;
				CLANG_ANALYZER_NUMBER_OBJECT_CONVERSION = YES_AGGRESSIVE;
				CLANG_CXX_LANGUAGE_STANDARD = "gnu++20";
				CLANG_ENABLE_MODULES = YES;
				CLANG_ENABLE_OBJC_ARC = YES;
				CLANG_ENABLE_OBJC_WEAK = YES;
				CLANG_WARN_BLOCK_CAPTURE_AUTORELEASING = YES;
				CLANG_WARN_BOOL_CONVERSION = YES;
				CLANG_WARN_COMMA = YES;
				CLANG_WARN_CONSTANT_CONVERSION = YES;
				CLANG_WARN_DEPRECATED_OBJC_IMPLEMENTATIONS = YES;
				CLANG_WARN_DIRECT_OBJC_ISA_USAGE = YES_ERROR;
				CLANG_WARN_DOCUMENTATION_COMMENTS = YES;
				CLANG_WARN_EMPTY_BODY = YES;
				CLANG_WARN_ENUM_CONVERSION = YES;
				CLANG_WARN_INFINITE_RECURSION = YES;
				CLANG_WARN_INT_CONVERSION = YES;
				CLANG_WARN_NON_LITERAL_NULL_CONVERSION = YES;
				CLANG_WARN_OBJC_IMPLICIT_RETAIN_SELF = YES;
				CLANG_WARN_OBJC_LITERAL_CONVERSION = YES;
				CLANG_WARN_OBJC_ROOT_CLASS = YES_ERROR;
				CLANG_WARN_QUOTED_INCLUDE_IN_FRAMEWORK_HEADER = YES;
				CLANG_WARN_RANGE_LOOP_ANALYSIS = YES;
				CLANG_WARN_STRICT_PROTOTYPES = YES;
				CLANG_WARN_SUSPICIOUS_MOVE = YES;
				CLANG_WARN_UNGUARDED_AVAILABILITY = YES_AGGRESSIVE;
				CLANG_WARN_UNREACHABLE_CODE = YES;
				CLANG_WARN__DUPLICATE_METHOD_MATCH = YES;
				COPY_PHASE_STRIP = NO;
				DEBUG_INFORMATION_FORMAT = dwarf;
				ENABLE_STRICT_OBJC_MSGSEND = YES;
				ENABLE_TESTABILITY = YES;
				ENABLE_USER_SCRIPT_SANDBOXING = YES;
				GCC_C_LANGUAGE_STANDARD = gnu17;
				GCC_DYNAMIC_NO_PIC = NO;
				GCC_NO_COMMON_BLOCKS = YES;
				GCC_OPTIMIZATION_LEVEL = 0;
				GCC_PREPROCESSOR_DEFINITIONS = (
					"DEBUG=1",
					"$(inherited)",
				);
				GCC_WARN_64_TO_32_BIT_CONVERSION = YES;
				GCC_WARN_ABOUT_RETURN_TYPE = YES_ERROR;
				GCC_WARN_UNDECLARED_SELECTOR = YES;
				GCC_WARN_UNINITIALIZED_AUTOS = YES_AGGRESSIVE;
				GCC_WARN_UNUSED_FUNCTION = YES;
				GCC_WARN_UNUSED_VARIABLE = YES;
				IPHONEOS_DEPLOYMENT_TARGET = 18.1;
				LOCALIZATION_PREFERS_STRING_CATALOGS = YES;
				MTL_ENABLE_DEBUG_INFO = INCLUDE_SOURCE;
				MTL_FAST_MATH = YES;
				ONLY_ACTIVE_ARCH = YES;
				SDKROOT = iphoneos;
				SWIFT_ACTIVE_COMPILATION_CONDITIONS = "DEBUG $(inherited)";
				SWIFT_OPTIMIZATION_LEVEL = "-Onone";
			};
			name = Debug;
		};
		4D9F46CF2CE32752000DBA7D /* Release */ = {
			isa = XCBuildConfiguration;
			buildSettings = {
				ALWAYS_SEARCH_USER_PATHS = NO;
				ASSETCATALOG_COMPILER_GENERATE_SWIFT_ASSET_SYMBOL_EXTENSIONS = YES;
				CLANG_ANALYZER_NONNULL = YES;
				CLANG_ANALYZER_NUMBER_OBJECT_CONVERSION = YES_AGGRESSIVE;
				CLANG_CXX_LANGUAGE_STANDARD = "gnu++20";
				CLANG_ENABLE_MODULES = YES;
				CLANG_ENABLE_OBJC_ARC = YES;
				CLANG_ENABLE_OBJC_WEAK = YES;
				CLANG_WARN_BLOCK_CAPTURE_AUTORELEASING = YES;
				CLANG_WARN_BOOL_CONVERSION = YES;
				CLANG_WARN_COMMA = YES;
				CLANG_WARN_CONSTANT_CONVERSION = YES;
				CLANG_WARN_DEPRECATED_OBJC_IMPLEMENTATIONS = YES;
				CLANG_WARN_DIRECT_OBJC_ISA_USAGE = YES_ERROR;
				CLANG_WARN_DOCUMENTATION_COMMENTS = YES;
				CLANG_WARN_EMPTY_BODY = YES;
				CLANG_WARN_ENUM_CONVERSION = YES;
				CLANG_WARN_INFINITE_RECURSION = YES;
				CLANG_WARN_INT_CONVERSION = YES;
				CLANG_WARN_NON_LITERAL_NULL_CONVERSION = YES;
				CLANG_WARN_OBJC_IMPLICIT_RETAIN_SELF = YES;
				CLANG_WARN_OBJC_LITERAL_CONVERSION = YES;
				CLANG_WARN_OBJC_ROOT_CLASS = YES_ERROR;
				CLANG_WARN_QUOTED_INCLUDE_IN_FRAMEWORK_HEADER = YES;
				CLANG_WARN_RANGE_LOOP_ANALYSIS = YES;
				CLANG_WARN_STRICT_PROTOTYPES = YES;
				CLANG_WARN_SUSPICIOUS_MOVE = YES;
				CLANG_WARN_UNGUARDED_AVAILABILITY = YES_AGGRESSIVE;
				CLANG_WARN_UNREACHABLE_CODE = YES;
				CLANG_WARN__DUPLICATE_METHOD_MATCH = YES;
				COPY_PHASE_STRIP = NO;
				DEBUG_INFORMATION_FORMAT = "dwarf-with-dsym";
				ENABLE_NS_ASSERTIONS = NO;
				ENABLE_STRICT_OBJC_MSGSEND = YES;
				ENABLE_USER_SCRIPT_SANDBOXING = YES;
				GCC_C_LANGUAGE_STANDARD = gnu17;
				GCC_NO_COMMON_BLOCKS = YES;
				GCC_WARN_64_TO_32_BIT_CONVERSION = YES;
				GCC_WARN_ABOUT_RETURN_TYPE = YES_ERROR;
				GCC_WARN_UNDECLARED_SELECTOR = YES;
				GCC_WARN_UNINITIALIZED_AUTOS = YES_AGGRESSIVE;
				GCC_WARN_UNUSED_FUNCTION = YES;
				GCC_WARN_UNUSED_VARIABLE = YES;
				IPHONEOS_DEPLOYMENT_TARGET = 18.1;
				LOCALIZATION_PREFERS_STRING_CATALOGS = YES;
				MTL_ENABLE_DEBUG_INFO = NO;
				MTL_FAST_MATH = YES;
				SDKROOT = iphoneos;
				SWIFT_COMPILATION_MODE = wholemodule;
				VALIDATE_PRODUCT = YES;
			};
			name = Release;
		};
		4D9F46D12CE32752000DBA7D /* Debug */ = {
			isa = XCBuildConfiguration;
			buildSettings = {
				ASSETCATALOG_COMPILER_APPICON_NAME = AppIcon;
				ASSETCATALOG_COMPILER_GLOBAL_ACCENT_COLOR_NAME = AccentColor;
				CODE_SIGN_STYLE = Automatic;
				CURRENT_PROJECT_VERSION = 1;
				DEVELOPMENT_TEAM = YEX9K6G97T;
				ENABLE_PREVIEWS = YES;
				ENABLE_USER_SCRIPT_SANDBOXING = YES;
				GENERATE_INFOPLIST_FILE = YES;
				INFOPLIST_FILE = "Blueprint-Info.plist";
				INFOPLIST_KEY_UIApplicationSupportsIndirectInputEvents = YES;
				INFOPLIST_KEY_UILaunchScreen_Generation = YES;
				INFOPLIST_KEY_UISupportedInterfaceOrientations_iPad = "UIInterfaceOrientationPortrait UIInterfaceOrientationPortraitUpsideDown UIInterfaceOrientationLandscapeLeft UIInterfaceOrientationLandscapeRight";
				INFOPLIST_KEY_UISupportedInterfaceOrientations_iPhone = "UIInterfaceOrientationPortrait UIInterfaceOrientationLandscapeLeft UIInterfaceOrientationLandscapeRight";
				IPHONEOS_DEPLOYMENT_TARGET = 16.0;
				LD_RUNPATH_SEARCH_PATHS = (
					"$(inherited)",
					"@executable_path/Frameworks",
				);
				MARKETING_VERSION = 1.0;
				PRODUCT_BUNDLE_IDENTIFIER = com.wantedlab.Blueprint;
				PRODUCT_NAME = "$(TARGET_NAME)";
				SWIFT_EMIT_LOC_STRINGS = YES;
				SWIFT_VERSION = 5.0;
				TARGETED_DEVICE_FAMILY = "1,2";
			};
			name = Debug;
		};
		4D9F46D22CE32752000DBA7D /* Release */ = {
			isa = XCBuildConfiguration;
			buildSettings = {
				ASSETCATALOG_COMPILER_APPICON_NAME = AppIcon;
				ASSETCATALOG_COMPILER_GLOBAL_ACCENT_COLOR_NAME = AccentColor;
				CODE_SIGN_STYLE = Automatic;
				CURRENT_PROJECT_VERSION = 1;
				DEVELOPMENT_TEAM = YEX9K6G97T;
				ENABLE_PREVIEWS = YES;
				ENABLE_USER_SCRIPT_SANDBOXING = YES;
				GENERATE_INFOPLIST_FILE = YES;
				INFOPLIST_FILE = "Blueprint-Info.plist";
				INFOPLIST_KEY_UIApplicationSupportsIndirectInputEvents = YES;
				INFOPLIST_KEY_UILaunchScreen_Generation = YES;
				INFOPLIST_KEY_UISupportedInterfaceOrientations_iPad = "UIInterfaceOrientationPortrait UIInterfaceOrientationPortraitUpsideDown UIInterfaceOrientationLandscapeLeft UIInterfaceOrientationLandscapeRight";
				INFOPLIST_KEY_UISupportedInterfaceOrientations_iPhone = "UIInterfaceOrientationPortrait UIInterfaceOrientationLandscapeLeft UIInterfaceOrientationLandscapeRight";
				IPHONEOS_DEPLOYMENT_TARGET = 16.0;
				LD_RUNPATH_SEARCH_PATHS = (
					"$(inherited)",
					"@executable_path/Frameworks",
				);
				MARKETING_VERSION = 1.0;
				PRODUCT_BUNDLE_IDENTIFIER = com.wantedlab.Blueprint;
				PRODUCT_NAME = "$(TARGET_NAME)";
				SWIFT_EMIT_LOC_STRINGS = YES;
				SWIFT_VERSION = 5.0;
				TARGETED_DEVICE_FAMILY = "1,2";
			};
			name = Release;
		};
/* End XCBuildConfiguration section */

/* Begin XCConfigurationList section */
		4D9F46A72CE32750000DBA7D /* Build configuration list for PBXProject "Blueprint" */ = {
			isa = XCConfigurationList;
			buildConfigurations = (
				4D9F46CE2CE32752000DBA7D /* Debug */,
				4D9F46CF2CE32752000DBA7D /* Release */,
			);
			defaultConfigurationIsVisible = 0;
			defaultConfigurationName = Release;
		};
		4D9F46D02CE32752000DBA7D /* Build configuration list for PBXNativeTarget "Blueprint" */ = {
			isa = XCConfigurationList;
			buildConfigurations = (
				4D9F46D12CE32752000DBA7D /* Debug */,
				4D9F46D22CE32752000DBA7D /* Release */,
			);
			defaultConfigurationIsVisible = 0;
			defaultConfigurationName = Release;
		};
/* End XCConfigurationList section */

/* Begin XCRemoteSwiftPackageReference section */
		4D5B46D62CE34625001DD48B /* XCRemoteSwiftPackageReference "pretendard-ios" */ = {
			isa = XCRemoteSwiftPackageReference;
			repositoryURL = "https://github.com/wanteddev/pretendard-ios";
			requirement = {
				branch = main;
				kind = branch;
			};
		};
		C878B8052F975E50000F7163 /* XCRemoteSwiftPackageReference "montage-ios" */ = {
			isa = XCRemoteSwiftPackageReference;
			repositoryURL = "https://github.com/wanteddev/montage-ios";
			requirement = {
				kind = upToNextMajorVersion;
				minimumVersion = 3.0.0;
			};
		};
/* End XCRemoteSwiftPackageReference section */

/* Begin XCSwiftPackageProductDependency section */
		4D45DAF02D910C2D002B1686 /* Montage */ = {
			isa = XCSwiftPackageProductDependency;
			productName = Montage;
		};
		4D5B46D72CE34625001DD48B /* Pretendard */ = {
			isa = XCSwiftPackageProductDependency;
			package = 4D5B46D62CE34625001DD48B /* XCRemoteSwiftPackageReference "pretendard-ios" */;
			productName = Pretendard;
		};
		C878B8062F975E50000F7163 /* Montage */ = {
			isa = XCSwiftPackageProductDependency;
			package = C878B8052F975E50000F7163 /* XCRemoteSwiftPackageReference "montage-ios" */;
			productName = Montage;
		};
/* End XCSwiftPackageProductDependency section */
	};
	rootObject = 4D9F46A42CE32750000DBA7D /* Project object */;
}
